
Microsoft Visual Studio Solution File, Format Version 12.00
# Visual Studio Version 17
VisualStudioVersion = 17.3.32825.248
MinimumVisualStudioVersion = 10.0.40219.1
Project("{FAE04EC0-301F-11D3-BF4B-00C04F79EFBC}") = "conway", "conway.csproj", "{BB1C1BD8-8C9A-4D8F-BC66-951F9B020AE2}"
EndProject
Global
	GlobalSection(SolutionConfigurationPlatforms) = preSolution
		Debug|Any CPU = Debug|Any CPU
		Release|Any CPU = Release|Any CPU
	EndGlobalSection
	GlobalSection(ProjectConfigurationPlatforms) = postSolution
		{BB1C1BD8-8C9A-4D8F-BC66-951F9B020AE2}.Debug|Any CPU.ActiveCfg = Debug|Any CPU
		{BB1C1BD8-8C9A-4D8F-BC66-951F9B020AE2}.Debug|Any CPU.Build.0 = Debug|Any CPU
		{BB1C1BD8-8C9A-4D8F-BC66-951F9B020AE2}.Release|Any CPU.ActiveCfg = Release|Any CPU
		{BB1C1BD8-8C9A-4D8F-BC66-951F9B020AE2}.Release|Any CPU.Build.0 = Release|Any CPU
	EndGlobalSection
	GlobalSection(SolutionProperties) = preSolution
		HideSolutionNode = FALSE
	EndGlobalSection
	GlobalSection(ExtensibilityGlobals) = postSolution
		SolutionGuid = {1AAF4EC0-4953-4BA4-A83B-3E07A0E968BB}
	EndGlobalSection
EndGlobal
